Microsoft Visual Studio Solution File, Format Version 12.00
# Visual Studio Version 17
VisualStudioVersion = 17.5.2.0
MinimumVisualStudioVersion = 10.0.40219.1
Project("{FAE04EC0-301F-11D3-BF4B-00C04F79EFBC}") = "AsciiArt", "AsciiArt.csproj", "{B62A72E3-F576-553C-78B3-2A3B637891EE}"
EndProject
Global
	GlobalSection(SolutionConfigurationPlatforms) = preSolution
		Debug|Any CPU = Debug|Any CPU
		Release|Any CPU = Release|Any CPU
	EndGlobalSection
	GlobalSection(ProjectConfigurationPlatforms) = postSolution
		{B62A72E3-F576-553C-78B3-2A3B637891EE}.Debug|Any CPU.ActiveCfg = Debug|Any CPU
		{B62A72E3-F576-553C-78B3-2A3B637891EE}.Debug|Any CPU.Build.0 = Debug|Any CPU
		{B62A72E3-F576-553C-78B3-2A3B637891EE}.Release|Any CPU.ActiveCfg = Release|Any CPU
		{B62A72E3-F576-553C-78B3-2A3B637891EE}.Release|Any CPU.Build.0 = Release|Any CPU
	EndGlobalSection
	GlobalSection(SolutionProperties) = preSolution
		HideSolutionNode = FALSE
	EndGlobalSection
	GlobalSection(ExtensibilityGlobals) = postSolution
		SolutionGuid = {09225570-BD7C-46C6-BDB8-5D4827997E5E}
	EndGlobalSection
EndGlobal
